// !$*UTF8*$!
{
	archiveVersion = 1;
	classes = {
	};
	objectVersion = 55;
	objects = {

/* Begin PBXBuildFile section */
		27C9ADF42888053D00FA584A /* AppDelegate.swift in Sources */ = {isa = PBXBuildFile; fileRef = 27C9ADF32888053D00FA584A /* AppDelegate.swift */; };
		27C9ADF62888053D00FA584A /* SceneDelegate.swift in Sources */ = {isa = PBXBuildFile; fileRef = 27C9ADF52888053D00FA584A /* SceneDelegate.swift */; };
		27C9ADF82888053D00FA584A /* ViewController.swift in Sources */ = {isa = PBXBuildFile; fileRef = 27C9ADF72888053D00FA584A /* ViewController.swift */; };
		27C9ADFB2888053D00FA584A /* Main.storyboard in Resources */ = {isa = PBXBuildFile; fileRef = 27C9ADF92888053D00FA584A /* Main.storyboard */; };
		27C9ADFD2888053D00FA584A /* Assets.xcassets in Resources */ = {isa = PBXBuildFile; fileRef = 27C9ADFC2888053D00FA584A /* Assets.xcassets */; };
		27C9AE002888053D00FA584A /* LaunchScreen.storyboard in Resources */ = {isa = PBXBuildFile; fileRef = 27C9ADFE2888053D00FA584A /* LaunchScreen.storyboard */; };
		27C9AE142888057900FA584A /* ExampleViewControllerViewModelType.swift in Sources */ = {isa = PBXBuildFile; fileRef = 27C9AE102888057900FA584A /* ExampleViewControllerViewModelType.swift */; };
		27C9AE152888057900FA584A /* ExampleViewControllerViewController.swift in Sources */ = {isa = PBXBuildFile; fileRef = 27C9AE112888057900FA584A /* ExampleViewControllerViewController.swift */; };
		27C9AE162888057900FA584A /* ExampleViewControllerViewModel.swift in Sources */ = {isa = PBXBuildFile; fileRef = 27C9AE122888057900FA584A /* ExampleViewControllerViewModel.swift */; };
		27C9AE172888057900FA584A /* ExampleViewControllerViewController.xib in Resources */ = {isa = PBXBuildFile; fileRef = 27C9AE132888057900FA584A /* ExampleViewControllerViewController.xib */; };
/* End PBXBuildFile section */

/* Begin PBXFileReference section */
		27C9ADF02888053D00FA584A /* TemplateExample.app */ = {isa = PBXFileReference; explicitFileType = wrapper.application; includeInIndex = 0; path = TemplateExample.app; sourceTree = BUILT_PRODUCTS_DIR; };
		27C9ADF32888053D00FA584A /* AppDelegate.swift */ = {isa = PBXFileReference; lastKnownFileType = sourcecode.swift; path = AppDelegate.swift; sourceTree = "<group>"; };
		27C9ADF52888053D00FA584A /* SceneDelegate.swift */ = {isa = PBXFileReference; lastKnownFileType = sourcecode.swift; path = SceneDelegate.swift; sourceTree = "<group>"; };
		27C9ADF72888053D00FA584A /* ViewController.swift */ = {isa = PBXFileReference; lastKnownFileType = sourcecode.swift; path = ViewController.swift; sourceTree = "<group>"; };
		27C9ADFA2888053D00FA584A /* Base */ = {isa = PBXFileReference; lastKnownFileType = file.storyboard; name = Base; path = Base.lproj/Main.storyboard; sourceTree = "<group>"; };
		27C9ADFC2888053D00FA584A /* Assets.xcassets */ = {isa = PBXFileReference; lastKnownFileType = folder.assetcatalog; path = Assets.xcassets; sourceTree = "<group>"; };
		27C9ADFF2888053D00FA584A /* Base */ = {isa = PBXFileReference; lastKnownFileType = file.storyboard; name = Base; path = Base.lproj/LaunchScreen.storyboard; sourceTree = "<group>"; };
		27C9AE012888053D00FA584A /* Info.plist */ = {isa = PBXFileReference; lastKnownFileType = text.plist.xml; path = Info.plist; sourceTree = "<group>"; };
		27C9AE102888057900FA584A /* ExampleViewControllerViewModelType.swift */ = {isa = PBXFileReference; lastKnownFileType = sourcecode.swift; path = ExampleViewControllerViewModelType.swift; sourceTree = "<group>"; };
		27C9AE112888057900FA584A /* ExampleViewControllerViewController.swift */ = {isa = PBXFileReference; lastKnownFileType = sourcecode.swift; path = ExampleViewControllerViewController.swift; sourceTree = "<group>"; };
		27C9AE122888057900FA584A /* ExampleViewControllerViewModel.swift */ = {isa = PBXFileReference; lastKnownFileType = sourcecode.swift; path = ExampleViewControllerViewModel.swift; sourceTree = "<group>"; };
		27C9AE132888057900FA584A /* ExampleViewControllerViewController.xib */ = {isa = PBXFileReference; lastKnownFileType = file.xib; path = ExampleViewControllerViewController.xib; sourceTree = "<group>"; };
/* End PBXFileReference section */

/* Begin PBXFrameworksBuildPhase section */
		27C9ADED2888053D00FA584A /* Frameworks */ = {
			isa = PBXFrameworksBuildPhase;
			buildActionMask = 2147483647;
			files = (
			);
			runOnlyForDeploymentPostprocessing = 0;
		};
/* End PBXFrameworksBuildPhase section */

/* Begin PBXGroup section */
		27C9ADE72888053D00FA584A = {
			isa = PBXGroup;
			children = (
				27C9ADF22888053D00FA584A /* TemplateExample */,
				27C9ADF12888053D00FA584A /* Products */,
			);
			sourceTree = "<group>";
		};
		27C9ADF12888053D00FA584A /* Products */ = {
			isa = PBXGroup;
			children = (
				27C9ADF02888053D00FA584A /* TemplateExample.app */,
			);
			name = Products;
			sourceTree = "<group>";
		};
		27C9ADF22888053D00FA584A /* TemplateExample */ = {
			isa = PBXGroup;
			children = (
				27C9AE0F2888056100FA584A /* Scene */,
				27C9ADF32888053D00FA584A /* AppDelegate.swift */,
				27C9ADF52888053D00FA584A /* SceneDelegate.swift */,
				27C9ADF72888053D00FA584A /* ViewController.swift */,
				27C9ADF92888053D00FA584A /* Main.storyboard */,
				27C9ADFC2888053D00FA584A /* Assets.xcassets */,
				27C9ADFE2888053D00FA584A /* LaunchScreen.storyboard */,
				27C9AE012888053D00FA584A /* Info.plist */,
			);
			path = TemplateExample;
			sourceTree = "<group>";
		};
		27C9AE0F2888056100FA584A /* Scene */ = {
			isa = PBXGroup;
			children = (
				27C9AE102888057900FA584A /* ExampleViewControllerViewModelType.swift */,
				27C9AE112888057900FA584A /* ExampleViewControllerViewController.swift */,
				27C9AE122888057900FA584A /* ExampleViewControllerViewModel.swift */,
				27C9AE132888057900FA584A /* ExampleViewControllerViewController.xib */,
			);
			path = Scene;
			sourceTree = "<group>";
		};
/* End PBXGroup section */

/* Begin PBXNativeTarget section */
		27C9ADEF2888053D00FA584A /* TemplateExample */ = {
			isa = PBXNativeTarget;
			buildConfigurationList = 27C9AE042888053D00FA584A /* Build configuration list for PBXNativeTarget "TemplateExample" */;
			buildPhases = (
				27C9ADEC2888053D00FA584A /* Sources */,
				27C9ADED2888053D00FA584A /* Frameworks */,
				27C9ADEE2888053D00FA584A /* Resources */,
			);
			buildRules = (
			);
			dependencies = (
			);
			name = TemplateExample;
			productName = TemplateExample;
			productReference = 27C9ADF02888053D00FA584A /* TemplateExample.app */;
			productType = "com.apple.product-type.application";
		};
/* End PBXNativeTarget section */

/* Begin PBXProject section */
		27C9ADE82888053D00FA584A /* Project object */ = {
			isa = PBXProject;
			attributes = {
				BuildIndependentTargetsInParallel = 1;
				LastSwiftUpdateCheck = 1340;
				LastUpgradeCheck = 1340;
				TargetAttributes = {
					27C9ADEF2888053D00FA584A = {
						CreatedOnToolsVersion = 13.4.1;
					};
				};
			};
			buildConfigurationList = 27C9ADEB2888053D00FA584A /* Build configuration list for PBXProject "TemplateExample" */;
			compatibilityVersion = "Xcode 13.0";
			developmentRegion = en;
			hasScannedForEncodings = 0;
			knownRegions = (
				en,
				Base,
			);
			mainGroup = 27C9ADE72888053D00FA584A;
			productRefGroup = 27C9ADF12888053D00FA584A /* Products */;
			projectDirPath = "";
			projectRoot = "";
			targets = (
				27C9ADEF2888053D00FA584A /* TemplateExample */,
			);
		};
/* End PBXProject section */

/* Begin PBXResourcesBuildPhase section */
		27C9ADEE2888053D00FA584A /* Resources */ = {
			isa = PBXResourcesBuildPhase;
			buildActionMask = 2147483647;
			files = (
				27C9AE002888053D00FA584A /* LaunchScreen.storyboard in Resources */,
				27C9ADFD2888053D00FA584A /* Assets.xcassets in Resources */,
				27C9AE172888057900FA584A /* ExampleViewControllerViewController.xib in Resources */,
				27C9ADFB2888053D00FA584A /* Main.storyboard in Resources */,
			);
			runOnlyForDeploymentPostprocessing = 0;
		};
/* End PBXResourcesBuildPhase section */

/* Begin PBXSourcesBuildPhase section */
		27C9ADEC2888053D00FA584A /* Sources */ = {
			isa = PBXSourcesBuildPhase;
			buildActionMask = 2147483647;
			files = (
				27C9AE142888057900FA584A /* ExampleViewControllerViewModelType.swift in Sources */,
				27C9AE152888057900FA584A /* ExampleViewControllerViewController.swift in Sources */,
				27C9ADF82888053D00FA584A /* ViewController.swift in Sources */,
				27C9ADF42888053D00FA584A /* AppDelegate.swift in Sources */,
				27C9AE162888057900FA584A /* ExampleViewControllerViewModel.swift in Sources */,
				27C9ADF62888053D00FA584A /* SceneDelegate.swift in Sources */,
			);
			runOnlyForDeploymentPostprocessing = 0;
		};
/* End PBXSourcesBuildPhase section */

/* Begin PBXVariantGroup section */
		27C9ADF92888053D00FA584A /* Main.storyboard */ = {
			isa = PBXVariantGroup;
			children = (
				27C9ADFA2888053D00FA584A /* Base */,
			);
			name = Main.storyboard;
			sourceTree = "<group>";
		};
		27C9ADFE2888053D00FA584A /* LaunchScreen.storyboard */ = {
			isa = PBXVariantGroup;
			children = (
				27C9ADFF2888053D00FA584A /* Base */,
			);
			name = LaunchScreen.storyboard;
			sourceTree = "<group>";
		};
/* End PBXVariantGroup section */

/* Begin XCBuildConfiguration section */
		27C9AE022888053D00FA584A /* Debug */ = {
			isa = XCBuildConfiguration;
			buildSettings = {
				ALWAYS_SEARCH_USER_PATHS = NO;
				CLANG_ANALYZER_NONNULL = YES;
				CLANG_ANALYZER_NUMBER_OBJECT_CONVERSION = YES_AGGRESSIVE;
				CLANG_CXX_LANGUAGE_STANDARD = "gnu++17";
				CLANG_ENABLE_MODULES = YES;
				CLANG_ENABLE_OBJC_ARC = YES;
				CLANG_ENABLE_OBJC_WEAK = YES;
				CLANG_WARN_BLOCK_CAPTURE_AUTORELEASING = YES;
				CLANG_WARN_BOOL_CONVERSION = YES;
				CLANG_WARN_COMMA = YES;
				CLANG_WARN_CONSTANT_CONVERSION = YES;
				CLANG_WARN_DEPRECATED_OBJC_IMPLEMENTATIONS = YES;
				CLANG_WARN_DIRECT_OBJC_ISA_USAGE = YES_ERROR;
				CLANG_WARN_DOCUMENTATION_COMMENTS = YES;
				CLANG_WARN_EMPTY_BODY = YES;
				CLANG_WARN_ENUM_CONVERSION = YES;
				CLANG_WARN_INFINITE_RECURSION = YES;
				CLANG_WARN_INT_CONVERSION = YES;
				CLANG_WARN_NON_LITERAL_NULL_CONVERSION = YES;
				CLANG_WARN_OBJC_IMPLICIT_RETAIN_SELF = YES;
				CLANG_WARN_OBJC_LITERAL_CONVERSION = YES;
				CLANG_WARN_OBJC_ROOT_CLASS = YES_ERROR;
				CLANG_WARN_QUOTED_INCLUDE_IN_FRAMEWORK_HEADER = YES;
				CLANG_WARN_RANGE_LOOP_ANALYSIS = YES;
				CLANG_WARN_STRICT_PROTOTYPES = YES;
				CLANG_WARN_SUSPICIOUS_MOVE = YES;
				CLANG_WARN_UNGUARDED_AVAILABILITY = YES_AGGRESSIVE;
				CLANG_WARN_UNREACHABLE_CODE = YES;
				CLANG_WARN__DUPLICATE_METHOD_MATCH = YES;
				COPY_PHASE_STRIP = NO;
				DEBUG_INFORMATION_FORMAT = dwarf;
				ENABLE_STRICT_OBJC_MSGSEND = YES;
				ENABLE_TESTABILITY = YES;
				GCC_C_LANGUAGE_STANDARD = gnu11;
				GCC_DYNAMIC_NO_PIC = NO;
				GCC_NO_COMMON_BLOCKS = YES;
				GCC_OPTIMIZATION_LEVEL = 0;
				GCC_PREPROCESSOR_DEFINITIONS = (
					"DEBUG=1",
					"$(inherited)",
				);
				GCC_WARN_64_TO_32_BIT_CONVERSION = YES;
				GCC_WARN_ABOUT_RETURN_TYPE = YES_ERROR;
				GCC_WARN_UNDECLARED_SELECTOR = YES;
				GCC_WARN_UNINITIALIZED_AUTOS = YES_AGGRESSIVE;
				GCC_WARN_UNUSED_FUNCTION = YES;
				GCC_WARN_UNUSED_VARIABLE = YES;
				IPHONEOS_DEPLOYMENT_TARGET = 15.5;
				MTL_ENABLE_DEBUG_INFO = INCLUDE_SOURCE;
				MTL_FAST_MATH = YES;
				ONLY_ACTIVE_ARCH = YES;
				SDKROOT = iphoneos;
				SWIFT_ACTIVE_COMPILATION_CONDITIONS = DEBUG;
				SWIFT_OPTIMIZATION_LEVEL = "-Onone";
			};
			name = Debug;
		};
		27C9AE032888053D00FA584A /* Release */ = {
			isa = XCBuildConfiguration;
			buildSettings = {
				ALWAYS_SEARCH_USER_PATHS = NO;
				CLANG_ANALYZER_NONNULL = YES;
				CLANG_ANALYZER_NUMBER_OBJECT_CONVERSION = YES_AGGRESSIVE;
				CLANG_CXX_LANGUAGE_STANDARD = "gnu++17";
				CLANG_ENABLE_MODULES = YES;
				CLANG_ENABLE_OBJC_ARC = YES;
				CLANG_ENABLE_OBJC_WEAK = YES;
				CLANG_WARN_BLOCK_CAPTURE_AUTORELEASING = YES;
				CLANG_WARN_BOOL_CONVERSION = YES;
				CLANG_WARN_COMMA = YES;
				CLANG_WARN_CONSTANT_CONVERSION = YES;
				CLANG_WARN_DEPRECATED_OBJC_IMPLEMENTATIONS = YES;
				CLANG_WARN_DIRECT_OBJC_ISA_USAGE = YES_ERROR;
				CLANG_WARN_DOCUMENTATION_COMMENTS = YES;
				CLANG_WARN_EMPTY_BODY = YES;
				CLANG_WARN_ENUM_CONVERSION = YES;
				CLANG_WARN_INFINITE_RECURSION = YES;
				CLANG_WARN_INT_CONVERSION = YES;
				CLANG_WARN_NON_LITERAL_NULL_CONVERSION = YES;
				CLANG_WARN_OBJC_IMPLICIT_RETAIN_SELF = YES;
				CLANG_WARN_OBJC_LITERAL_CONVERSION = YES;
				CLANG_WARN_OBJC_ROOT_CLASS = YES_ERROR;
				CLANG_WARN_QUOTED_INCLUDE_IN_FRAMEWORK_HEADER = YES;
				CLANG_WARN_RANGE_LOOP_ANALYSIS = YES;
				CLANG_WARN_STRICT_PROTOTYPES = YES;
				CLANG_WARN_SUSPICIOUS_MOVE = YES;
				CLANG_WARN_UNGUARDED_AVAILABILITY = YES_AGGRESSIVE;
				CLANG_WARN_UNREACHABLE_CODE = YES;
				CLANG_WARN__DUPLICATE_METHOD_MATCH = YES;
				COPY_PHASE_STRIP = NO;
				DEBUG_INFORMATION_FORMAT = "dwarf-with-dsym";
				ENABLE_NS_ASSERTIONS = NO;
				ENABLE_STRICT_OBJC_MSGSEND = YES;
				GCC_C_LANGUAGE_STANDARD = gnu11;
				GCC_NO_COMMON_BLOCKS = YES;
				GCC_WARN_64_TO_32_BIT_CONVERSION = YES;
				GCC_WARN_ABOUT_RETURN_TYPE = YES_ERROR;
				GCC_WARN_UNDECLARED_SELECTOR = YES;
				GCC_WARN_UNINITIALIZED_AUTOS = YES_AGGRESSIVE;
				GCC_WARN_UNUSED_FUNCTION = YES;
				GCC_WARN_UNUSED_VARIABLE = YES;
				IPHONEOS_DEPLOYMENT_TARGET = 15.5;
				MTL_ENABLE_DEBUG_INFO = NO;
				MTL_FAST_MATH = YES;
				SDKROOT = iphoneos;
				SWIFT_COMPILATION_MODE = wholemodule;
				SWIFT_OPTIMIZATION_LEVEL = "-O";
				VALIDATE_PRODUCT = YES;
			};
			name = Release;
		};
		27C9AE052888053D00FA584A /* Debug */ = {
			isa = XCBuildConfiguration;
			buildSettings = {
				ASSETCATALOG_COMPILER_APPICON_NAME = AppIcon;
				ASSETCATALOG_COMPILER_GLOBAL_ACCENT_COLOR_NAME = AccentColor;
				CODE_SIGN_STYLE = Automatic;
				CURRENT_PROJECT_VERSION = 1;
				DEVELOPMENT_TEAM = 496U3V6VDL;
				GENERATE_INFOPLIST_FILE = YES;
				INFOPLIST_FILE = TemplateExample/Info.plist;
				INFOPLIST_KEY_UIApplicationSupportsIndirectInputEvents = YES;
				INFOPLIST_KEY_UILaunchStoryboardName = LaunchScreen;
				INFOPLIST_KEY_UIMainStoryboardFile = Main;
				INFOPLIST_KEY_UISupportedInterfaceOrientations_iPad = "UIInterfaceOrientationPortrait UIInterfaceOrientationPortraitUpsideDown UIInterfaceOrientationLandscapeLeft UIInterfaceOrientationLandscapeRight";
				INFOPLIST_KEY_UISupportedInterfaceOrientations_iPhone = "UIInterfaceOrientationPortrait UIInterfaceOrientationLandscapeLeft UIInterfaceOrientationLandscapeRight";
				LD_RUNPATH_SEARCH_PATHS = (
					"$(inherited)",
					"@executable_path/Frameworks",
				);
				MARKETING_VERSION = 1.0;
				PRODUCT_BUNDLE_IDENTIFIER = ios.com.TemplateExample;
				PRODUCT_NAME = "$(TARGET_NAME)";
				SWIFT_EMIT_LOC_STRINGS = YES;
				SWIFT_VERSION = 5.0;
				TARGETED_DEVICE_FAMILY = "1,2";
			};
			name = Debug;
		};
		27C9AE062888053D00FA584A /* Release */ = {
			isa = XCBuildConfiguration;
			buildSettings = {
				ASSETCATALOG_COMPILER_APPICON_NAME = AppIcon;
				ASSETCATALOG_COMPILER_GLOBAL_ACCENT_COLOR_NAME = AccentColor;
				CODE_SIGN_STYLE = Automatic;
				CURRENT_PROJECT_VERSION = 1;
				DEVELOPMENT_TEAM = 496U3V6VDL;
				GENERATE_INFOPLIST_FILE = YES;
				INFOPLIST_FILE = TemplateExample/Info.plist;
				INFOPLIST_KEY_UIApplicationSupportsIndirectInputEvents = YES;
				INFOPLIST_KEY_UILaunchStoryboardName = LaunchScreen;
				INFOPLIST_KEY_UIMainStoryboardFile = Main;
				INFOPLIST_KEY_UISupportedInterfaceOrientations_iPad = "UIInterfaceOrientationPortrait UIInterfaceOrientationPortraitUpsideDown UIInterfaceOrientationLandscapeLeft UIInterfaceOrientationLandscapeRight";
				INFOPLIST_KEY_UISupportedInterfaceOrientations_iPhone = "UIInterfaceOrientationPortrait UIInterfaceOrientationLandscapeLeft UIInterfaceOrientationLandscapeRight";
				LD_RUNPATH_SEARCH_PATHS = (
					"$(inherited)",
					"@executable_path/Frameworks",
				);
				MARKETING_VERSION = 1.0;
				PRODUCT_BUNDLE_IDENTIFIER = ios.com.TemplateExample;
				PRODUCT_NAME = "$(TARGET_NAME)";
				SWIFT_EMIT_LOC_STRINGS = YES;
				SWIFT_VERSION = 5.0;
				TARGETED_DEVICE_FAMILY = "1,2";
			};
			name = Release;
		};
/* End XCBuildConfiguration section */

/* Begin XCConfigurationList section */
		27C9ADEB2888053D00FA584A /* Build configuration list for PBXProject "TemplateExample" */ = {
			isa = XCConfigurationList;
			buildConfigurations = (
				27C9AE022888053D00FA584A /* Debug */,
				27C9AE032888053D00FA584A /* Release */,
			);
			defaultConfigurationIsVisible = 0;
			defaultConfigurationName = Release;
		};
		27C9AE042888053D00FA584A /* Build configuration list for PBXNativeTarget "TemplateExample" */ = {
			isa = XCConfigurationList;
			buildConfigurations = (
				27C9AE052888053D00FA584A /* Debug */,
				27C9AE062888053D00FA584A /* Release */,
			);
			defaultConfigurationIsVisible = 0;
			defaultConfigurationName = Release;
		};
/* End XCConfigurationList section */
	};
	rootObject = 27C9ADE82888053D00FA584A /* Project object */;
}
